
Microsoft Visual Studio Solution File, Format Version 12.00
# Visual Studio Version 16
VisualStudioVersion = 16.0.28803.202
MinimumVisualStudioVersion = 10.0.40219.1
Project("{FAE04EC0-301F-11D3-BF4B-00C04F79EFBC}") = "LibraryProject", "LibraryProject\LibraryProject.csproj", "{ACB1E9BA-B2BD-4DE2-B7B9-A15D412CA4FB}"
EndProject
Global
	GlobalSection(SolutionConfigurationPlatforms) = preSolution
		Debug|Any CPU = Debug|Any CPU
		Release|Any CPU = Release|Any CPU
	EndGlobalSection
	GlobalSection(ProjectConfigurationPlatforms) = postSolution
		{ACB1E9BA-B2BD-4DE2-B7B9-A15D412CA4FB}.Debug|Any CPU.ActiveCfg = Debug|Any CPU
		{ACB1E9BA-B2BD-4DE2-B7B9-A15D412CA4FB}.Debug|Any CPU.Build.0 = Debug|Any CPU
		{ACB1E9BA-B2BD-4DE2-B7B9-A15D412CA4FB}.Release|Any CPU.ActiveCfg = Release|Any CPU
		{ACB1E9BA-B2BD-4DE2-B7B9-A15D412CA4FB}.Release|Any CPU.Build.0 = Release|Any CPU
	EndGlobalSection
	GlobalSection(SolutionProperties) = preSolution
		HideSolutionNode = FALSE
	EndGlobalSection
	GlobalSection(ExtensibilityGlobals) = postSolution
		SolutionGuid = {F1BFF19D-5030-406D-999D-4ACE58275B81}
	EndGlobalSection
EndGlobal
